
Microsoft Visual Studio Solution File, Format Version 12.00
# Visual Studio Version 16
VisualStudioVersion = 16.0.31729.503
MinimumVisualStudioVersion = 10.0.40219.1
Project("{8BC9CEB8-8B4A-11D0-8D11-00A0C91BC942}") = "CovidStatsGUIWEBHOOK", "CovidStatsGUIWEBHOOK\CovidStatsGUIWEBHOOK.vcxproj", "{B8976534-3DC4-4423-9A8B-1491EE5D331C}"
EndProject
Global
	GlobalSection(SolutionConfigurationPlatforms) = preSolution
		Debug|x64 = Debug|x64
		Debug|x86 = Debug|x86
		Release|x64 = Release|x64
		Release|x86 = Release|x86
	EndGlobalSection
	GlobalSection(ProjectConfigurationPlatforms) = postSolution
		{B8976534-3DC4-4423-9A8B-1491EE5D331C}.Debug|x64.ActiveCfg = Debug|x64
		{B8976534-3DC4-4423-9A8B-1491EE5D331C}.Debug|x64.Build.0 = Debug|x64
		{B8976534-3DC4-4423-9A8B-1491EE5D331C}.Debug|x86.ActiveCfg = Debug|Win32
		{B8976534-3DC4-4423-9A8B-1491EE5D331C}.Debug|x86.Build.0 = Debug|Win32
		{B8976534-3DC4-4423-9A8B-1491EE5D331C}.Release|x64.ActiveCfg = Release|x64
		{B8976534-3DC4-4423-9A8B-1491EE5D331C}.Release|x64.Build.0 = Release|x64
		{B8976534-3DC4-4423-9A8B-1491EE5D331C}.Release|x86.ActiveCfg = Release|Win32
		{B8976534-3DC4-4423-9A8B-1491EE5D331C}.Release|x86.Build.0 = Release|Win32
	EndGlobalSection
	GlobalSection(SolutionProperties) = preSolution
		HideSolutionNode = FALSE
	EndGlobalSection
	GlobalSection(ExtensibilityGlobals) = postSolution
		SolutionGuid = {8A5998F9-D267-434D-AE1C-2FB115224B25}
	EndGlobalSection
EndGlobal
